
Microsoft Visual Studio Solution File, Format Version 12.00
# Visual Studio Version 16
VisualStudioVersion = 16.0.31025.194
MinimumVisualStudioVersion = 10.0.40219.1
Project("{888888A0-9F3D-457C-B088-3A5042F75D52}") = "PathFinding", "PathFinding\PathFinding.pyproj", "{9F52BC61-37D5-40EC-A4EA-AC365AD8D8FF}"
EndProject
Global
	GlobalSection(SolutionConfigurationPlatforms) = preSolution
		Debug|Any CPU = Debug|Any CPU
		Release|Any CPU = Release|Any CPU
	EndGlobalSection
	GlobalSection(ProjectConfigurationPlatforms) = postSolution
		{9F52BC61-37D5-40EC-A4EA-AC365AD8D8FF}.Debug|Any CPU.ActiveCfg = Debug|Any CPU
		{9F52BC61-37D5-40EC-A4EA-AC365AD8D8FF}.Release|Any CPU.ActiveCfg = Release|Any CPU
	EndGlobalSection
	GlobalSection(SolutionProperties) = preSolution
		HideSolutionNode = FALSE
	EndGlobalSection
	GlobalSection(ExtensibilityGlobals) = postSolution
		SolutionGuid = {FEFDDA2E-A118-418C-91B6-92C35F44A3C0}
	EndGlobalSection
EndGlobal
